// !$*UTF8*$!
{
	archiveVersion = 1;
	classes = {
	};
	objectVersion = 50;
	objects = {

/* Begin PBXBuildFile section */
		E598838321AC7C7100A689A0 /* ViewSetup.swift in Sources */ = {isa = PBXBuildFile; fileRef = E598838221AC7C7100A689A0 /* ViewSetup.swift */; };
		E598838521AC7E0500A689A0 /* SettingsVC.swift in Sources */ = {isa = PBXBuildFile; fileRef = E598838421AC7E0500A689A0 /* SettingsVC.swift */; };
		E5D7980321AC5945009E5C6D /* AppDelegate.swift in Sources */ = {isa = PBXBuildFile; fileRef = E5D7980221AC5945009E5C6D /* AppDelegate.swift */; };
		E5D7980821AC5945009E5C6D /* Main.storyboard in Resources */ = {isa = PBXBuildFile; fileRef = E5D7980621AC5945009E5C6D /* Main.storyboard */; };
		E5D7980A21AC5947009E5C6D /* Assets.xcassets in Resources */ = {isa = PBXBuildFile; fileRef = E5D7980921AC5947009E5C6D /* Assets.xcassets */; };
		E5D7980D21AC5947009E5C6D /* LaunchScreen.storyboard in Resources */ = {isa = PBXBuildFile; fileRef = E5D7980B21AC5947009E5C6D /* LaunchScreen.storyboard */; };
		E5D7981621AC5984009E5C6D /* MainVC.swift in Sources */ = {isa = PBXBuildFile; fileRef = E5D7981521AC5984009E5C6D /* MainVC.swift */; };
		E5D7981921AC6F75009E5C6D /* Delicious.ttf in Resources */ = {isa = PBXBuildFile; fileRef = E5D7981821AC6F75009E5C6D /* Delicious.ttf */; };
/* End PBXBuildFile section */

/* Begin PBXFileReference section */
		E598838221AC7C7100A689A0 /* ViewSetup.swift */ = {isa = PBXFileReference; lastKnownFileType = sourcecode.swift; path = ViewSetup.swift; sourceTree = "<group>"; };
		E598838421AC7E0500A689A0 /* SettingsVC.swift */ = {isa = PBXFileReference; lastKnownFileType = sourcecode.swift; path = SettingsVC.swift; sourceTree = "<group>"; };
		E5D797FF21AC5945009E5C6D /* TaskManager.app */ = {isa = PBXFileReference; explicitFileType = wrapper.application; includeInIndex = 0; path = TaskManager.app; sourceTree = BUILT_PRODUCTS_DIR; };
		E5D7980221AC5945009E5C6D /* AppDelegate.swift */ = {isa = PBXFileReference; lastKnownFileType = sourcecode.swift; path = AppDelegate.swift; sourceTree = "<group>"; };
		E5D7980721AC5945009E5C6D /* Base */ = {isa = PBXFileReference; lastKnownFileType = file.storyboard; name = Base; path = Base.lproj/Main.storyboard; sourceTree = "<group>"; };
		E5D7980921AC5947009E5C6D /* Assets.xcassets */ = {isa = PBXFileReference; lastKnownFileType = folder.assetcatalog; path = Assets.xcassets; sourceTree = "<group>"; };
		E5D7980C21AC5947009E5C6D /* Base */ = {isa = PBXFileReference; lastKnownFileType = file.storyboard; name = Base; path = Base.lproj/LaunchScreen.storyboard; sourceTree = "<group>"; };
		E5D7980E21AC5947009E5C6D /* Info.plist */ = {isa = PBXFileReference; lastKnownFileType = text.plist.xml; path = Info.plist; sourceTree = "<group>"; };
		E5D7981521AC5984009E5C6D /* MainVC.swift */ = {isa = PBXFileReference; lastKnownFileType = sourcecode.swift; path = MainVC.swift; sourceTree = "<group>"; };
		E5D7981821AC6F75009E5C6D /* Delicious.ttf */ = {isa = PBXFileReference; lastKnownFileType = file; path = Delicious.ttf; sourceTree = "<group>"; };
/* End PBXFileReference section */

/* Begin PBXFrameworksBuildPhase section */
		E5D797FC21AC5945009E5C6D /* Frameworks */ = {
			isa = PBXFrameworksBuildPhase;
			buildActionMask = 2147483647;
			files = (
			);
			runOnlyForDeploymentPostprocessing = 0;
		};
/* End PBXFrameworksBuildPhase section */

/* Begin PBXGroup section */
		E5D797F621AC5945009E5C6D = {
			isa = PBXGroup;
			children = (
				E5D7980121AC5945009E5C6D /* TaskManager */,
				E5D7980021AC5945009E5C6D /* Products */,
			);
			sourceTree = "<group>";
		};
		E5D7980021AC5945009E5C6D /* Products */ = {
			isa = PBXGroup;
			children = (
				E5D797FF21AC5945009E5C6D /* TaskManager.app */,
			);
			name = Products;
			sourceTree = "<group>";
		};
		E5D7980121AC5945009E5C6D /* TaskManager */ = {
			isa = PBXGroup;
			children = (
				E5D7980221AC5945009E5C6D /* AppDelegate.swift */,
				E598838221AC7C7100A689A0 /* ViewSetup.swift */,
				E5D7981421AC595D009E5C6D /* ViewControllers */,
				E5D7980621AC5945009E5C6D /* Main.storyboard */,
				E5D7980921AC5947009E5C6D /* Assets.xcassets */,
				E5D7980B21AC5947009E5C6D /* LaunchScreen.storyboard */,
				E5D7980E21AC5947009E5C6D /* Info.plist */,
				E5D7981721AC6F36009E5C6D /* Resourses */,
			);
			path = TaskManager;
			sourceTree = "<group>";
		};
		E5D7981421AC595D009E5C6D /* ViewControllers */ = {
			isa = PBXGroup;
			children = (
				E5D7981521AC5984009E5C6D /* MainVC.swift */,
				E598838421AC7E0500A689A0 /* SettingsVC.swift */,
			);
			path = ViewControllers;
			sourceTree = "<group>";
		};
		E5D7981721AC6F36009E5C6D /* Resourses */ = {
			isa = PBXGroup;
			children = (
				E5D7981821AC6F75009E5C6D /* Delicious.ttf */,
			);
			path = Resourses;
			sourceTree = "<group>";
		};
/* End PBXGroup section */

/* Begin PBXNativeTarget section */
		E5D797FE21AC5945009E5C6D /* TaskManager */ = {
			isa = PBXNativeTarget;
			buildConfigurationList = E5D7981121AC5947009E5C6D /* Build configuration list for PBXNativeTarget "TaskManager" */;
			buildPhases = (
				E5D797FB21AC5945009E5C6D /* Sources */,
				E5D797FC21AC5945009E5C6D /* Frameworks */,
				E5D797FD21AC5945009E5C6D /* Resources */,
			);
			buildRules = (
			);
			dependencies = (
			);
			name = TaskManager;
			productName = TaskManager;
			productReference = E5D797FF21AC5945009E5C6D /* TaskManager.app */;
			productType = "com.apple.product-type.application";
		};
/* End PBXNativeTarget section */

/* Begin PBXProject section */
		E5D797F721AC5945009E5C6D /* Project object */ = {
			isa = PBXProject;
			attributes = {
				LastSwiftUpdateCheck = 1010;
				LastUpgradeCheck = 1010;
				ORGANIZATIONNAME = "Tanner York";
				TargetAttributes = {
					E5D797FE21AC5945009E5C6D = {
						CreatedOnToolsVersion = 10.1;
					};
				};
			};
			buildConfigurationList = E5D797FA21AC5945009E5C6D /* Build configuration list for PBXProject "TaskManager" */;
			compatibilityVersion = "Xcode 9.3";
			developmentRegion = en;
			hasScannedForEncodings = 0;
			knownRegions = (
				en,
				Base,
			);
			mainGroup = E5D797F621AC5945009E5C6D;
			productRefGroup = E5D7980021AC5945009E5C6D /* Products */;
			projectDirPath = "";
			projectRoot = "";
			targets = (
				E5D797FE21AC5945009E5C6D /* TaskManager */,
			);
		};
/* End PBXProject section */

/* Begin PBXResourcesBuildPhase section */
		E5D797FD21AC5945009E5C6D /* Resources */ = {
			isa = PBXResourcesBuildPhase;
			buildActionMask = 2147483647;
			files = (
				E5D7980D21AC5947009E5C6D /* LaunchScreen.storyboard in Resources */,
				E5D7980A21AC5947009E5C6D /* Assets.xcassets in Resources */,
				E5D7981921AC6F75009E5C6D /* Delicious.ttf in Resources */,
				E5D7980821AC5945009E5C6D /* Main.storyboard in Resources */,
			);
			runOnlyForDeploymentPostprocessing = 0;
		};
/* End PBXResourcesBuildPhase section */

/* Begin PBXSourcesBuildPhase section */
		E5D797FB21AC5945009E5C6D /* Sources */ = {
			isa = PBXSourcesBuildPhase;
			buildActionMask = 2147483647;
			files = (
				E598838321AC7C7100A689A0 /* ViewSetup.swift in Sources */,
				E598838521AC7E0500A689A0 /* SettingsVC.swift in Sources */,
				E5D7980321AC5945009E5C6D /* AppDelegate.swift in Sources */,
				E5D7981621AC5984009E5C6D /* MainVC.swift in Sources */,
			);
			runOnlyForDeploymentPostprocessing = 0;
		};
/* End PBXSourcesBuildPhase section */

/* Begin PBXVariantGroup section */
		E5D7980621AC5945009E5C6D /* Main.storyboard */ = {
			isa = PBXVariantGroup;
			children = (
				E5D7980721AC5945009E5C6D /* Base */,
			);
			name = Main.storyboard;
			sourceTree = "<group>";
		};
		E5D7980B21AC5947009E5C6D /* LaunchScreen.storyboard */ = {
			isa = PBXVariantGroup;
			children = (
				E5D7980C21AC5947009E5C6D /* Base */,
			);
			name = LaunchScreen.storyboard;
			sourceTree = "<group>";
		};
/* End PBXVariantGroup section */

/* Begin XCBuildConfiguration section */
		E5D7980F21AC5947009E5C6D /* Debug */ = {
			isa = XCBuildConfiguration;
			buildSettings = {
				ALWAYS_SEARCH_USER_PATHS = NO;
				CLANG_ANALYZER_NONNULL = YES;
				CLANG_ANALYZER_NUMBER_OBJECT_CONVERSION = YES_AGGRESSIVE;
				CLANG_CXX_LANGUAGE_STANDARD = "gnu++14";
				CLANG_CXX_LIBRARY = "libc++";
				CLANG_ENABLE_MODULES = YES;
				CLANG_ENABLE_OBJC_ARC = YES;
				CLANG_ENABLE_OBJC_WEAK = YES;
				CLANG_WARN_BLOCK_CAPTURE_AUTORELEASING = YES;
				CLANG_WARN_BOOL_CONVERSION = YES;
				CLANG_WARN_COMMA = YES;
				CLANG_WARN_CONSTANT_CONVERSION = YES;
				CLANG_WARN_DEPRECATED_OBJC_IMPLEMENTATIONS = YES;
				CLANG_WARN_DIRECT_OBJC_ISA_USAGE = YES_ERROR;
				CLANG_WARN_DOCUMENTATION_COMMENTS = YES;
				CLANG_WARN_EMPTY_BODY = YES;
				CLANG_WARN_ENUM_CONVERSION = YES;
				CLANG_WARN_INFINITE_RECURSION = YES;
				CLANG_WARN_INT_CONVERSION = YES;
				CLANG_WARN_NON_LITERAL_NULL_CONVERSION = YES;
				CLANG_WARN_OBJC_IMPLICIT_RETAIN_SELF = YES;
				CLANG_WARN_OBJC_LITERAL_CONVERSION = YES;
				CLANG_WARN_OBJC_ROOT_CLASS = YES_ERROR;
				CLANG_WARN_RANGE_LOOP_ANALYSIS = YES;
				CLANG_WARN_STRICT_PROTOTYPES = YES;
				CLANG_WARN_SUSPICIOUS_MOVE = YES;
				CLANG_WARN_UNGUARDED_AVAILABILITY = YES_AGGRESSIVE;
				CLANG_WARN_UNREACHABLE_CODE = YES;
				CLANG_WARN__DUPLICATE_METHOD_MATCH = YES;
				CODE_SIGN_IDENTITY = "iPhone Developer";
				COPY_PHASE_STRIP = NO;
				DEBUG_INFORMATION_FORMAT = dwarf;
				ENABLE_STRICT_OBJC_MSGSEND = YES;
				ENABLE_TESTABILITY = YES;
				GCC_C_LANGUAGE_STANDARD = gnu11;
				GCC_DYNAMIC_NO_PIC = NO;
				GCC_NO_COMMON_BLOCKS = YES;
				GCC_OPTIMIZATION_LEVEL = 0;
				GCC_PREPROCESSOR_DEFINITIONS = (
					"DEBUG=1",
					"$(inherited)",
				);
				GCC_WARN_64_TO_32_BIT_CONVERSION = YES;
				GCC_WARN_ABOUT_RETURN_TYPE = YES_ERROR;
				GCC_WARN_UNDECLARED_SELECTOR = YES;
				GCC_WARN_UNINITIALIZED_AUTOS = YES_AGGRESSIVE;
				GCC_WARN_UNUSED_FUNCTION = YES;
				GCC_WARN_UNUSED_VARIABLE = YES;
				IPHONEOS_DEPLOYMENT_TARGET = 12.1;
				MTL_ENABLE_DEBUG_INFO = INCLUDE_SOURCE;
				MTL_FAST_MATH = YES;
				ONLY_ACTIVE_ARCH = YES;
				SDKROOT = iphoneos;
				SWIFT_ACTIVE_COMPILATION_CONDITIONS = DEBUG;
				SWIFT_OPTIMIZATION_LEVEL = "-Onone";
			};
			name = Debug;
		};
		E5D7981021AC5947009E5C6D /* Release */ = {
			isa = XCBuildConfiguration;
			buildSettings = {
				ALWAYS_SEARCH_USER_PATHS = NO;
				CLANG_ANALYZER_NONNULL = YES;
				CLANG_ANALYZER_NUMBER_OBJECT_CONVERSION = YES_AGGRESSIVE;
				CLANG_CXX_LANGUAGE_STANDARD = "gnu++14";
				CLANG_CXX_LIBRARY = "libc++";
				CLANG_ENABLE_MODULES = YES;
				CLANG_ENABLE_OBJC_ARC = YES;
				CLANG_ENABLE_OBJC_WEAK = YES;
				CLANG_WARN_BLOCK_CAPTURE_AUTORELEASING = YES;
				CLANG_WARN_BOOL_CONVERSION = YES;
				CLANG_WARN_COMMA = YES;
				CLANG_WARN_CONSTANT_CONVERSION = YES;
				CLANG_WARN_DEPRECATED_OBJC_IMPLEMENTATIONS = YES;
				CLANG_WARN_DIRECT_OBJC_ISA_USAGE = YES_ERROR;
				CLANG_WARN_DOCUMENTATION_COMMENTS = YES;
				CLANG_WARN_EMPTY_BODY = YES;
				CLANG_WARN_ENUM_CONVERSION = YES;
				CLANG_WARN_INFINITE_RECURSION = YES;
				CLANG_WARN_INT_CONVERSION = YES;
				CLANG_WARN_NON_LITERAL_NULL_CONVERSION = YES;
				CLANG_WARN_OBJC_IMPLICIT_RETAIN_SELF = YES;
				CLANG_WARN_OBJC_LITERAL_CONVERSION = YES;
				CLANG_WARN_OBJC_ROOT_CLASS = YES_ERROR;
				CLANG_WARN_RANGE_LOOP_ANALYSIS = YES;
				CLANG_WARN_STRICT_PROTOTYPES = YES;
				CLANG_WARN_SUSPICIOUS_MOVE = YES;
				CLANG_WARN_UNGUARDED_AVAILABILITY = YES_AGGRESSIVE;
				CLANG_WARN_UNREACHABLE_CODE = YES;
				CLANG_WARN__DUPLICATE_METHOD_MATCH = YES;
				CODE_SIGN_IDENTITY = "iPhone Developer";
				COPY_PHASE_STRIP = NO;
				DEBUG_INFORMATION_FORMAT = "dwarf-with-dsym";
				ENABLE_NS_ASSERTIONS = NO;
				ENABLE_STRICT_OBJC_MSGSEND = YES;
				GCC_C_LANGUAGE_STANDARD = gnu11;
				GCC_NO_COMMON_BLOCKS = YES;
				GCC_WARN_64_TO_32_BIT_CONVERSION = YES;
				GCC_WARN_ABOUT_RETURN_TYPE = YES_ERROR;
				GCC_WARN_UNDECLARED_SELECTOR = YES;
				GCC_WARN_UNINITIALIZED_AUTOS = YES_AGGRESSIVE;
				GCC_WARN_UNUSED_FUNCTION = YES;
				GCC_WARN_UNUSED_VARIABLE = YES;
				IPHONEOS_DEPLOYMENT_TARGET = 12.1;
				MTL_ENABLE_DEBUG_INFO = NO;
				MTL_FAST_MATH = YES;
				SDKROOT = iphoneos;
				SWIFT_COMPILATION_MODE = wholemodule;
				SWIFT_OPTIMIZATION_LEVEL = "-O";
				VALIDATE_PRODUCT = YES;
			};
			name = Release;
		};
		E5D7981221AC5947009E5C6D /* Debug */ = {
			isa = XCBuildConfiguration;
			buildSettings = {
				ASSETCATALOG_COMPILER_APPICON_NAME = AppIcon;
				CODE_SIGN_STYLE = Automatic;
				INFOPLIST_FILE = TaskManager/Info.plist;
				LD_RUNPATH_SEARCH_PATHS = (
					"$(inherited)",
					"@executable_path/Frameworks",
				);
				PRODUCT_BUNDLE_IDENTIFIER = com.TannerY.TaskManager;
				PRODUCT_NAME = "$(TARGET_NAME)";
				SWIFT_VERSION = 4.2;
				TARGETED_DEVICE_FAMILY = "1,2";
			};
			name = Debug;
		};
		E5D7981321AC5947009E5C6D /* Release */ = {
			isa = XCBuildConfiguration;
			buildSettings = {
				ASSETCATALOG_COMPILER_APPICON_NAME = AppIcon;
				CODE_SIGN_STYLE = Automatic;
				INFOPLIST_FILE = TaskManager/Info.plist;
				LD_RUNPATH_SEARCH_PATHS = (
					"$(inherited)",
					"@executable_path/Frameworks",
				);
				PRODUCT_BUNDLE_IDENTIFIER = com.TannerY.TaskManager;
				PRODUCT_NAME = "$(TARGET_NAME)";
				SWIFT_VERSION = 4.2;
				TARGETED_DEVICE_FAMILY = "1,2";
			};
			name = Release;
		};
/* End XCBuildConfiguration section */

/* Begin XCConfigurationList section */
		E5D797FA21AC5945009E5C6D /* Build configuration list for PBXProject "TaskManager" */ = {
			isa = XCConfigurationList;
			buildConfigurations = (
				E5D7980F21AC5947009E5C6D /* Debug */,
				E5D7981021AC5947009E5C6D /* Release */,
			);
			defaultConfigurationIsVisible = 0;
			defaultConfigurationName = Release;
		};
		E5D7981121AC5947009E5C6D /* Build configuration list for PBXNativeTarget "TaskManager" */ = {
			isa = XCConfigurationList;
			buildConfigurations = (
				E5D7981221AC5947009E5C6D /* Debug */,
				E5D7981321AC5947009E5C6D /* Release */,
			);
			defaultConfigurationIsVisible = 0;
			defaultConfigurationName = Release;
		};
/* End XCConfigurationList section */
	};
	rootObject = E5D797F721AC5945009E5C6D /* Project object */;
}
